
Microsoft Visual Studio Solution File, Format Version 12.00
# Visual Studio Version 17
VisualStudioVersion = 17.5.002.0
MinimumVisualStudioVersion = 10.0.40219.1
Project("{9A19103F-16F7-4668-BE54-9A1E7A4F7556}") = "demsolanxuathiencuakytu", "demsolanxuathiencuakytu.csproj", "{58C24E64-92F1-4879-B157-23B6A69282D9}"
EndProject
Global
	GlobalSection(SolutionConfigurationPlatforms) = preSolution
		Debug|Any CPU = Debug|Any CPU
		Release|Any CPU = Release|Any CPU
	EndGlobalSection
	GlobalSection(ProjectConfigurationPlatforms) = postSolution
		{58C24E64-92F1-4879-B157-23B6A69282D9}.Debug|Any CPU.ActiveCfg = Debug|Any CPU
		{58C24E64-92F1-4879-B157-23B6A69282D9}.Debug|Any CPU.Build.0 = Debug|Any CPU
		{58C24E64-92F1-4879-B157-23B6A69282D9}.Release|Any CPU.ActiveCfg = Release|Any CPU
		{58C24E64-92F1-4879-B157-23B6A69282D9}.Release|Any CPU.Build.0 = Release|Any CPU
	EndGlobalSection
	GlobalSection(SolutionProperties) = preSolution
		HideSolutionNode = FALSE
	EndGlobalSection
	GlobalSection(ExtensibilityGlobals) = postSolution
		SolutionGuid = {58C0FA1F-CCA6-4D13-88CF-6CB4085BE975}
	EndGlobalSection
EndGlobal
